
Microsoft Visual Studio Solution File, Format Version 12.00
# Visual Studio Version 16
VisualStudioVersion = 16.0.33214.272
MinimumVisualStudioVersion = 10.0.40219.1
Project("{FAE04EC0-301F-11D3-BF4B-00C04F79EFBC}") = "Battleship", "Battleship\Battleship.csproj", "{8A3B99F8-B4B3-4DCE-B681-9593D718CC84}"
EndProject
Global
	GlobalSection(SolutionConfigurationPlatforms) = preSolution
		Debug|Any CPU = Debug|Any CPU
		Release|Any CPU = Release|Any CPU
	EndGlobalSection
	GlobalSection(ProjectConfigurationPlatforms) = postSolution
		{8A3B99F8-B4B3-4DCE-B681-9593D718CC84}.Debug|Any CPU.ActiveCfg = Debug|Any CPU
		{8A3B99F8-B4B3-4DCE-B681-9593D718CC84}.Debug|Any CPU.Build.0 = Debug|Any CPU
		{8A3B99F8-B4B3-4DCE-B681-9593D718CC84}.Release|Any CPU.ActiveCfg = Release|Any CPU
		{8A3B99F8-B4B3-4DCE-B681-9593D718CC84}.Release|Any CPU.Build.0 = Release|Any CPU
	EndGlobalSection
	GlobalSection(SolutionProperties) = preSolution
		HideSolutionNode = FALSE
	EndGlobalSection
	GlobalSection(ExtensibilityGlobals) = postSolution
		SolutionGuid = {7D4957A5-754D-4B53-9983-A16056E56CA2}
	EndGlobalSection
EndGlobal
